
Microsoft Visual Studio Solution File, Format Version 12.00
# Visual Studio 14
VisualStudioVersion = 14.0.25420.1
MinimumVisualStudioVersion = 10.0.40219.1
Project("{FAE04EC0-301F-11D3-BF4B-00C04F79EFBC}") = "Magazine", "Magazine\Magazine.csproj", "{48F70507-7C1B-41E3-BC6F-E2706E636AF8}"
EndProject
Project("{FAE04EC0-301F-11D3-BF4B-00C04F79EFBC}") = "Magazine.Tests", "Magazine.Tests\Magazine.Tests.csproj", "{6CA335B8-C945-4528-83BE-5E06523823C9}"
EndProject
Project("{FAE04EC0-301F-11D3-BF4B-00C04F79EFBC}") = "Magazine.BL", "Magazine.BL\Magazine.BL.csproj", "{3A012400-B442-4036-8C23-606086C4D413}"
EndProject
Project("{FAE04EC0-301F-11D3-BF4B-00C04F79EFBC}") = "Magazine.DAL", "Magazine.DAL\Magazine.DAL.csproj", "{261C0328-8122-43C4-B10F-3469F6F8FE97}"
EndProject
Project("{FAE04EC0-301F-11D3-BF4B-00C04F79EFBC}") = "Magazine.Api", "Magazine.Api\Magazine.Api.csproj", "{C4F8A7F4-5E9A-44B9-A603-19A96D1CA05A}"
EndProject
Project("{FAE04EC0-301F-11D3-BF4B-00C04F79EFBC}") = "Magazine.Api.Tests", "Magazine.Api.Tests\Magazine.Api.Tests.csproj", "{6A94BE47-E4F8-4B6D-8CC3-EE1F2F5510A9}"
EndProject
Global
	GlobalSection(SolutionConfigurationPlatforms) = preSolution
		Debug|Any CPU = Debug|Any CPU
		Release|Any CPU = Release|Any CPU
	EndGlobalSection
	GlobalSection(ProjectConfigurationPlatforms) = postSolution
		{48F70507-7C1B-41E3-BC6F-E2706E636AF8}.Debug|Any CPU.ActiveCfg = Debug|Any CPU
		{48F70507-7C1B-41E3-BC6F-E2706E636AF8}.Debug|Any CPU.Build.0 = Debug|Any CPU
		{48F70507-7C1B-41E3-BC6F-E2706E636AF8}.Release|Any CPU.ActiveCfg = Release|Any CPU
		{48F70507-7C1B-41E3-BC6F-E2706E636AF8}.Release|Any CPU.Build.0 = Release|Any CPU
		{6CA335B8-C945-4528-83BE-5E06523823C9}.Debug|Any CPU.ActiveCfg = Debug|Any CPU
		{6CA335B8-C945-4528-83BE-5E06523823C9}.Debug|Any CPU.Build.0 = Debug|Any CPU
		{6CA335B8-C945-4528-83BE-5E06523823C9}.Release|Any CPU.ActiveCfg = Release|Any CPU
		{6CA335B8-C945-4528-83BE-5E06523823C9}.Release|Any CPU.Build.0 = Release|Any CPU
		{3A012400-B442-4036-8C23-606086C4D413}.Debug|Any CPU.ActiveCfg = Debug|Any CPU
		{3A012400-B442-4036-8C23-606086C4D413}.Debug|Any CPU.Build.0 = Debug|Any CPU
		{3A012400-B442-4036-8C23-606086C4D413}.Release|Any CPU.ActiveCfg = Release|Any CPU
		{3A012400-B442-4036-8C23-606086C4D413}.Release|Any CPU.Build.0 = Release|Any CPU
		{261C0328-8122-43C4-B10F-3469F6F8FE97}.Debug|Any CPU.ActiveCfg = Debug|Any CPU
		{261C0328-8122-43C4-B10F-3469F6F8FE97}.Debug|Any CPU.Build.0 = Debug|Any CPU
		{261C0328-8122-43C4-B10F-3469F6F8FE97}.Release|Any CPU.ActiveCfg = Release|Any CPU
		{261C0328-8122-43C4-B10F-3469F6F8FE97}.Release|Any CPU.Build.0 = Release|Any CPU
		{C4F8A7F4-5E9A-44B9-A603-19A96D1CA05A}.Debug|Any CPU.ActiveCfg = Debug|Any CPU
		{C4F8A7F4-5E9A-44B9-A603-19A96D1CA05A}.Debug|Any CPU.Build.0 = Debug|Any CPU
		{C4F8A7F4-5E9A-44B9-A603-19A96D1CA05A}.Release|Any CPU.ActiveCfg = Release|Any CPU
		{C4F8A7F4-5E9A-44B9-A603-19A96D1CA05A}.Release|Any CPU.Build.0 = Release|Any CPU
		{6A94BE47-E4F8-4B6D-8CC3-EE1F2F5510A9}.Debug|Any CPU.ActiveCfg = Debug|Any CPU
		{6A94BE47-E4F8-4B6D-8CC3-EE1F2F5510A9}.Debug|Any CPU.Build.0 = Debug|Any CPU
		{6A94BE47-E4F8-4B6D-8CC3-EE1F2F5510A9}.Release|Any CPU.ActiveCfg = Release|Any CPU
		{6A94BE47-E4F8-4B6D-8CC3-EE1F2F5510A9}.Release|Any CPU.Build.0 = Release|Any CPU
	EndGlobalSection
	GlobalSection(SolutionProperties) = preSolution
		HideSolutionNode = FALSE
	EndGlobalSection
EndGlobal
